
Microsoft Visual Studio Solution File, Format Version 12.00
# Visual Studio Version 17
VisualStudioVersion = 17.6.33815.320
MinimumVisualStudioVersion = 10.0.40219.1
Project("{FAE04EC0-301F-11D3-BF4B-00C04F79EFBC}") = "AspNetCoreFeatureFlagsDemo", "AspNetCoreFeatureFlagsDemo\AspNetCoreFeatureFlagsDemo.csproj", "{73D7BC10-2806-45E6-8E36-FB684A4C2387}"
EndProject
Global
	GlobalSection(SolutionConfigurationPlatforms) = preSolution
		Debug|Any CPU = Debug|Any CPU
		Release|Any CPU = Release|Any CPU
	EndGlobalSection
	GlobalSection(ProjectConfigurationPlatforms) = postSolution
		{73D7BC10-2806-45E6-8E36-FB684A4C2387}.Debug|Any CPU.ActiveCfg = Debug|Any CPU
		{73D7BC10-2806-45E6-8E36-FB684A4C2387}.Debug|Any CPU.Build.0 = Debug|Any CPU
		{73D7BC10-2806-45E6-8E36-FB684A4C2387}.Release|Any CPU.ActiveCfg = Release|Any CPU
		{73D7BC10-2806-45E6-8E36-FB684A4C2387}.Release|Any CPU.Build.0 = Release|Any CPU
	EndGlobalSection
	GlobalSection(SolutionProperties) = preSolution
		HideSolutionNode = FALSE
	EndGlobalSection
	GlobalSection(ExtensibilityGlobals) = postSolution
		SolutionGuid = {4D30EF5A-830B-4DC0-9458-7ED331F75385}
	EndGlobalSection
EndGlobal
